
Microsoft Visual Studio Solution File, Format Version 12.00
# Visual Studio Version 16
VisualStudioVersion = 16.0.29613.14
MinimumVisualStudioVersion = 10.0.40219.1
Project("{9A19103F-16F7-4668-BE54-9A1E7A4F7556}") = "Songbird.Utilities.Guards", "Songbird.Utilities.Guards\Songbird.Utilities.Guards.csproj", "{3809BF95-DD59-437E-94A4-D3ED077ECD63}"
EndProject
Project("{9A19103F-16F7-4668-BE54-9A1E7A4F7556}") = "Songbird.Utilities.Guards.Tests", "Songbird.Utilities.Guards.Tests\Songbird.Utilities.Guards.Tests.csproj", "{DEDC518F-B91F-4217-8780-A38891131C38}"
EndProject
Project("{9A19103F-16F7-4668-BE54-9A1E7A4F7556}") = "DocumentationGenerator", "DocumentationGenerator\DocumentationGenerator.csproj", "{BC587DF3-843D-4865-A0D7-D4C950D38C70}"
EndProject
Project("{9A19103F-16F7-4668-BE54-9A1E7A4F7556}") = "Songbird.Utilities.Extensions", "Songbitd.Utilities.Extensions\Songbird.Utilities.Extensions.csproj", "{72E5F238-A7E7-443D-A0BB-993604B37435}"
EndProject
Project("{9A19103F-16F7-4668-BE54-9A1E7A4F7556}") = "Songbird.Utilities.Extensions.Tests", "Songbird.Utilities.Extensions.Tests\Songbird.Utilities.Extensions.Tests.csproj", "{AE340A86-C5BD-4D65-A629-902CD023E0F8}"
EndProject
Global
	GlobalSection(SolutionConfigurationPlatforms) = preSolution
		Debug|Any CPU = Debug|Any CPU
		Release|Any CPU = Release|Any CPU
	EndGlobalSection
	GlobalSection(ProjectConfigurationPlatforms) = postSolution
		{3809BF95-DD59-437E-94A4-D3ED077ECD63}.Debug|Any CPU.ActiveCfg = Debug|Any CPU
		{3809BF95-DD59-437E-94A4-D3ED077ECD63}.Debug|Any CPU.Build.0 = Debug|Any CPU
		{3809BF95-DD59-437E-94A4-D3ED077ECD63}.Release|Any CPU.ActiveCfg = Release|Any CPU
		{3809BF95-DD59-437E-94A4-D3ED077ECD63}.Release|Any CPU.Build.0 = Release|Any CPU
		{DEDC518F-B91F-4217-8780-A38891131C38}.Debug|Any CPU.ActiveCfg = Debug|Any CPU
		{DEDC518F-B91F-4217-8780-A38891131C38}.Debug|Any CPU.Build.0 = Debug|Any CPU
		{DEDC518F-B91F-4217-8780-A38891131C38}.Release|Any CPU.ActiveCfg = Release|Any CPU
		{DEDC518F-B91F-4217-8780-A38891131C38}.Release|Any CPU.Build.0 = Release|Any CPU
		{BC587DF3-843D-4865-A0D7-D4C950D38C70}.Debug|Any CPU.ActiveCfg = Debug|Any CPU
		{BC587DF3-843D-4865-A0D7-D4C950D38C70}.Debug|Any CPU.Build.0 = Debug|Any CPU
		{BC587DF3-843D-4865-A0D7-D4C950D38C70}.Release|Any CPU.ActiveCfg = Release|Any CPU
		{BC587DF3-843D-4865-A0D7-D4C950D38C70}.Release|Any CPU.Build.0 = Release|Any CPU
		{72E5F238-A7E7-443D-A0BB-993604B37435}.Debug|Any CPU.ActiveCfg = Debug|Any CPU
		{72E5F238-A7E7-443D-A0BB-993604B37435}.Debug|Any CPU.Build.0 = Debug|Any CPU
		{72E5F238-A7E7-443D-A0BB-993604B37435}.Release|Any CPU.ActiveCfg = Release|Any CPU
		{72E5F238-A7E7-443D-A0BB-993604B37435}.Release|Any CPU.Build.0 = Release|Any CPU
		{AE340A86-C5BD-4D65-A629-902CD023E0F8}.Debug|Any CPU.ActiveCfg = Debug|Any CPU
		{AE340A86-C5BD-4D65-A629-902CD023E0F8}.Debug|Any CPU.Build.0 = Debug|Any CPU
		{AE340A86-C5BD-4D65-A629-902CD023E0F8}.Release|Any CPU.ActiveCfg = Release|Any CPU
		{AE340A86-C5BD-4D65-A629-902CD023E0F8}.Release|Any CPU.Build.0 = Release|Any CPU
	EndGlobalSection
	GlobalSection(SolutionProperties) = preSolution
		HideSolutionNode = FALSE
	EndGlobalSection
	GlobalSection(ExtensibilityGlobals) = postSolution
		SolutionGuid = {8E28AE9A-8534-4BF7-A4F4-E0C62106B8FC}
	EndGlobalSection
EndGlobal
